<?xml version="1.0" encoding="utf-8"?>
<Project ToolsVersion="4.0" xmlns="http://schemas.microsoft.com/developer/msbuild/2003">
  <ItemGroup>
    <ClCompile Include="Action.cpp">
      <Filter>Character\Action</Filter>
    </ClCompile>
    <ClCompile Include="AttackAction.cpp">
      <Filter>Character\Action</Filter>
    </ClCompile>
    <ClCompile Include="BaseUI.cpp">
      <Filter>UI</Filter>
    </ClCompile>
    <ClCompile Include="Character.cpp">
      <Filter>Character</Filter>
    </ClCompile>
    <ClCompile Include="CombatUI.cpp">
      <Filter>UI</Filter>
    </ClCompile>
    <ClCompile Include="GameManager.cpp">
      <Filter>Utils</Filter>
    </ClCompile>
    <ClCompile Include="IMenu.cpp">
      <Filter>UI</Filter>
    </ClCompile>
    <ClCompile Include="Inventory.cpp">
      <Filter>Utils</Filter>
    </ClCompile>
    <ClCompile Include="MainMenuUI.cpp">
      <Filter>UI</Filter>
    </ClCompile>
    <ClCompile Include="Monster.cpp">
      <Filter>Character</Filter>
    </ClCompile>
    <ClCompile Include="NBC_TextRPG.cpp">
      <Filter>Utils</Filter>
    </ClCompile>
    <ClCompile Include="pch.cpp">
      <Filter>Utils</Filter>
    </ClCompile>
    <ClCompile Include="Player.cpp">
      <Filter>Character</Filter>
    </ClCompile>
    <ClCompile Include="UIRequest.cpp">
      <Filter>UI</Filter>
    </ClCompile>
    <ClCompile Include="UseItemAction.cpp">
      <Filter>Character\Action</Filter>
    </ClCompile>
    <ClCompile Include="ItemShopUI.cpp">
      <Filter>UI</Filter>
    </ClCompile>
    <ClCompile Include="Buff.cpp">
      <Filter>Data</Filter>
    </ClCompile>
    <ClCompile Include="Item.cpp">
      <Filter>Data</Filter>
    </ClCompile>
    <ClCompile Include="ItemTable.cpp">
      <Filter>Data</Filter>
    </ClCompile>
    <ClCompile Include="InventoryUI.cpp">
      <Filter>UI</Filter>
    </ClCompile>
    <ClCompile Include="EndingCreditUI.cpp">
      <Filter>UI</Filter>
    </ClCompile>
    <ClCompile Include="ItemShopUI.cpp">
      <Filter>Utils</Filter>
    </ClCompile>
    <ClCompile Include="Weapon.cpp">
      <Filter>Character\Weapon</Filter>
    </ClCompile>
    <ClCompile Include="Sniper.cpp">
      <Filter>Character\Weapon</Filter>
    </ClCompile>
    <ClCompile Include="DualGun.cpp">
      <Filter>Character\Weapon</Filter>
    </ClCompile>
    <ClCompile Include="Armor.cpp">
      <Filter>Character\Weapon</Filter>
    </ClCompile>
    <ClCompile Include="AudioManager.cpp" />
    <ClCompile Include="BossMonster.cpp">
      <Filter>Character</Filter>
    </ClCompile>
  </ItemGroup>
  <ItemGroup>
    <ClInclude Include="Action.h">
      <Filter>Character\Action</Filter>
    </ClInclude>
    <ClInclude Include="AttackAction.h">
      <Filter>Character\Action</Filter>
    </ClInclude>
    <ClInclude Include="BaseUI.h">
      <Filter>UI</Filter>
    </ClInclude>
    <ClInclude Include="Character.h">
      <Filter>Character</Filter>
    </ClInclude>
    <ClInclude Include="CombatUI.h">
      <Filter>UI</Filter>
    </ClInclude>
    <ClInclude Include="GameManager.h">
      <Filter>Utils</Filter>
    </ClInclude>
    <ClInclude Include="IMenu.h">
      <Filter>UI</Filter>
    </ClInclude>
    <ClInclude Include="Inventory.h">
      <Filter>Utils</Filter>
    </ClInclude>
    <ClInclude Include="MainMenuUI.h">
      <Filter>UI</Filter>
    </ClInclude>
    <ClInclude Include="Monster.h">
      <Filter>Character</Filter>
    </ClInclude>
    <ClInclude Include="pch.h">
      <Filter>Utils</Filter>
    </ClInclude>
    <ClInclude Include="Player.h">
      <Filter>Character</Filter>
    </ClInclude>
    <ClInclude Include="Random.h">
      <Filter>Utils</Filter>
    </ClInclude>
    <ClInclude Include="UIRequest.h">
      <Filter>UI</Filter>
    </ClInclude>
    <ClInclude Include="UseItemAction.h">
      <Filter>Character\Action</Filter>
    </ClInclude>
    <ClInclude Include="ItemShopUI.h">
      <Filter>UI</Filter>
    </ClInclude>
    <ClInclude Include="Buff.h">
      <Filter>Data</Filter>
    </ClInclude>
    <ClInclude Include="ItemTable.h">
      <Filter>Data</Filter>
    </ClInclude>
    <ClInclude Include="Item.h">
      <Filter>Data</Filter>
    </ClInclude>
    <ClInclude Include="InventoryUI.h">
      <Filter>UI</Filter>
    </ClInclude>
    <ClInclude Include="EndingCreditUI.h">
      <Filter>UI</Filter>
    </ClInclude>
    <ClInclude Include="Weapon.h">
      <Filter>Character\Weapon</Filter>
    </ClInclude>
    <ClInclude Include="Sniper.h">
      <Filter>Character\Weapon</Filter>
    </ClInclude>
    <ClInclude Include="DualGun.h">
      <Filter>Character\Weapon</Filter>
    </ClInclude>
    <ClInclude Include="Armor.h">
      <Filter>Character\Weapon</Filter>
    </ClInclude>
    <ClInclude Include="AudioManager.h" />
    <ClInclude Include="BossMonster.h">
      <Filter>Character</Filter>
    </ClInclude>
  </ItemGroup>
  <ItemGroup>
    <Filter Include="Character">
      <UniqueIdentifier>{eb8666d6-246b-4ec0-8a3c-1de04ae441f3}</UniqueIdentifier>
    </Filter>
    <Filter Include="Character\Action">
      <UniqueIdentifier>{e91c82c0-8e1e-4f2c-99b0-e8bd41a3eef1}</UniqueIdentifier>
    </Filter>
    <Filter Include="UI">
      <UniqueIdentifier>{11fee0c8-16d5-4ab9-8bdd-b74937c3327a}</UniqueIdentifier>
    </Filter>
    <Filter Include="Utils">
      <UniqueIdentifier>{2f1fbbd1-8b3f-46a2-a18c-c5233d619fc6}</UniqueIdentifier>
    </Filter>
    <Filter Include="Data">
      <UniqueIdentifier>{903d7b68-a002-4a64-91fb-cef6622d50cd}</UniqueIdentifier>
    </Filter>
    <Filter Include="Character\Weapon">
      <UniqueIdentifier>{160bcd1c-4136-4ace-87f8-39f6b0fd517c}</UniqueIdentifier>
    </Filter>
  </ItemGroup>
</Project>